
Microsoft Visual Studio Solution File, Format Version 12.00
# Visual Studio Version 16
VisualStudioVersion = 16.0.31321.278
MinimumVisualStudioVersion = 10.0.40219.1
Project("{FAE04EC0-301F-11D3-BF4B-00C04F79EFBC}") = "Adriano_Melquiades_MidTermTest-NEW", "Adriano_Melquiades_MidTermTest-NEW\Adriano_Melquiades_MidTermTest-NEW.csproj", "{28C83BBA-C632-4B22-B737-83E8ECF48BFE}"
EndProject
Global
	GlobalSection(SolutionConfigurationPlatforms) = preSolution
		Debug|Any CPU = Debug|Any CPU
		Release|Any CPU = Release|Any CPU
	EndGlobalSection
	GlobalSection(ProjectConfigurationPlatforms) = postSolution
		{28C83BBA-C632-4B22-B737-83E8ECF48BFE}.Debug|Any CPU.ActiveCfg = Debug|Any CPU
		{28C83BBA-C632-4B22-B737-83E8ECF48BFE}.Debug|Any CPU.Build.0 = Debug|Any CPU
		{28C83BBA-C632-4B22-B737-83E8ECF48BFE}.Release|Any CPU.ActiveCfg = Release|Any CPU
		{28C83BBA-C632-4B22-B737-83E8ECF48BFE}.Release|Any CPU.Build.0 = Release|Any CPU
	EndGlobalSection
	GlobalSection(SolutionProperties) = preSolution
		HideSolutionNode = FALSE
	EndGlobalSection
	GlobalSection(ExtensibilityGlobals) = postSolution
		SolutionGuid = {94C33490-32BE-422C-9087-23BD5BE1628B}
	EndGlobalSection
EndGlobal
